<?xml version="1.0" encoding="utf-8"?>
<Project ToolsVersion="4.0" xmlns="http://schemas.microsoft.com/developer/msbuild/2003">
  <ItemGroup>
    <Filter Include="Source Files">
      <UniqueIdentifier>{be97ae05-225c-42e8-946e-9cbc89360bae}</UniqueIdentifier>
      <Extensions>cpp;c;cxx;rc;def;r;odl;idl;hpj;bat</Extensions>
    </Filter>
    <Filter Include="Header Files">
      <UniqueIdentifier>{afef89f2-7e93-4562-a441-39bd0e0d45e2}</UniqueIdentifier>
      <Extensions>h;hpp;hxx;hm;inl</Extensions>
    </Filter>
    <Filter Include="Test Data">
      <UniqueIdentifier>{4bd4bd18-12fb-438e-9a5f-9954232c0609}</UniqueIdentifier>
    </Filter>
    <Filter Include="Resource Files">
      <UniqueIdentifier>{3ed3a6ad-4d43-4d7b-8641-f0a36a0ed2a9}</UniqueIdentifier>
      <Extensions>ico;cur;bmp;dlg;rc2;rct;bin;rgs;gif;jpg;jpeg;jpe</Extensions>
    </Filter>
  </ItemGroup>
  <ItemGroup>
    <ClCompile Include="..\..\test\ann_test.cpp">
      <Filter>Source Files</Filter>
    </ClCompile>
    <ClCompile Include="..\..\test\rand.cpp">
      <Filter>Source Files</Filter>
    </ClCompile>
  </ItemGroup>
  <ItemGroup>
    <ClInclude Include="..\..\test\rand.h">
      <Filter>Header Files</Filter>
    </ClInclude>
  </ItemGroup>
  <ItemGroup>
    <None Include="test1.data">
      <Filter>Test Data</Filter>
    </None>
    <None Include="test1.in">
      <Filter>Test Data</Filter>
    </None>
    <None Include="test1.query">
      <Filter>Test Data</Filter>
    </None>
    <None Include="test2.in">
      <Filter>Test Data</Filter>
    </None>
    <None Include="ReadMe.txt" />
  </ItemGroup>
</Project>